// !$*UTF8*$!
{
	archiveVersion = 1;
	classes = {
	};
	objectVersion = 46;
	objects = {

/* Begin PBXBuildFile section */
		4500CA041F7118F9004A3683 /* CoreGraphics.framework in Frameworks */ = {isa = PBXBuildFile; fileRef = 454905BA1F6FB554002E85D0 /* CoreGraphics.framework */; };
		45F85A431F55406C006E86C3 /* RNSns.m in Sources */ = {isa = PBXBuildFile; fileRef = 45F85A421F55406C006E86C3 /* RNSns.m */; };
		45F85A441F55406C006E86C3 /* RNSns.h in CopyFiles */ = {isa = PBXBuildFile; fileRef = 45F85A411F55406C006E86C3 /* RNSns.h */; };
/* End PBXBuildFile section */

/* Begin PBXCopyFilesBuildPhase section */
		45F85A3C1F55406C006E86C3 /* CopyFiles */ = {
			isa = PBXCopyFilesBuildPhase;
			buildActionMask = 2147483647;
			dstPath = "include/$(PRODUCT_NAME)";
			dstSubfolderSpec = 16;
			files = (
				45F85A441F55406C006E86C3 /* RNSns.h in CopyFiles */,
			);
			runOnlyForDeploymentPostprocessing = 0;
		};
/* End PBXCopyFilesBuildPhase section */

/* Begin PBXFileReference section */
		454905B81F6FB54C002E85D0 /* libsqlite3.tbd */ = {isa = PBXFileReference; lastKnownFileType = "sourcecode.text-based-dylib-definition"; name = libsqlite3.tbd; path = usr/lib/libsqlite3.tbd; sourceTree = SDKROOT; };
		454905BA1F6FB554002E85D0 /* CoreGraphics.framework */ = {isa = PBXFileReference; lastKnownFileType = wrapper.framework; name = CoreGraphics.framework; path = System/Library/Frameworks/CoreGraphics.framework; sourceTree = SDKROOT; };
		45F85A3E1F55406C006E86C3 /* libRNSns.a */ = {isa = PBXFileReference; explicitFileType = archive.ar; includeInIndex = 0; path = libRNSns.a; sourceTree = BUILT_PRODUCTS_DIR; };
		45F85A411F55406C006E86C3 /* RNSns.h */ = {isa = PBXFileReference; lastKnownFileType = sourcecode.c.h; path = RNSns.h; sourceTree = "<group>"; };
		45F85A421F55406C006E86C3 /* RNSns.m */ = {isa = PBXFileReference; lastKnownFileType = sourcecode.c.objc; path = RNSns.m; sourceTree = "<group>"; };
/* End PBXFileReference section */

/* Begin PBXFrameworksBuildPhase section */
		45F85A3B1F55406C006E86C3 /* Frameworks */ = {
			isa = PBXFrameworksBuildPhase;
			buildActionMask = 2147483647;
			files = (
				4500CA041F7118F9004A3683 /* CoreGraphics.framework in Frameworks */,
			);
			runOnlyForDeploymentPostprocessing = 0;
		};
/* End PBXFrameworksBuildPhase section */

/* Begin PBXGroup section */
		454905B71F6FB54C002E85D0 /* Frameworks */ = {
			isa = PBXGroup;
			children = (
				454905BA1F6FB554002E85D0 /* CoreGraphics.framework */,
				454905B81F6FB54C002E85D0 /* libsqlite3.tbd */,
			);
			name = Frameworks;
			sourceTree = "<group>";
		};
		45F85A351F55406C006E86C3 = {
			isa = PBXGroup;
			children = (
				45F85A401F55406C006E86C3 /* RNSns */,
				45F85A3F1F55406C006E86C3 /* Products */,
				454905B71F6FB54C002E85D0 /* Frameworks */,
			);
			sourceTree = "<group>";
		};
		45F85A3F1F55406C006E86C3 /* Products */ = {
			isa = PBXGroup;
			children = (
				45F85A3E1F55406C006E86C3 /* libRNSns.a */,
			);
			name = Products;
			sourceTree = "<group>";
		};
		45F85A401F55406C006E86C3 /* RNSns */ = {
			isa = PBXGroup;
			children = (
				45F85A411F55406C006E86C3 /* RNSns.h */,
				45F85A421F55406C006E86C3 /* RNSns.m */,
			);
			path = RNSns;
			sourceTree = "<group>";
		};
/* End PBXGroup section */

/* Begin PBXNativeTarget section */
		45F85A3D1F55406C006E86C3 /* RNSns */ = {
			isa = PBXNativeTarget;
			buildConfigurationList = 45F85A471F55406C006E86C3 /* Build configuration list for PBXNativeTarget "RNSns" */;
			buildPhases = (
				45F85A3A1F55406C006E86C3 /* Sources */,
				45F85A3B1F55406C006E86C3 /* Frameworks */,
				45F85A3C1F55406C006E86C3 /* CopyFiles */,
			);
			buildRules = (
			);
			dependencies = (
			);
			name = RNSns;
			productName = RNSns;
			productReference = 45F85A3E1F55406C006E86C3 /* libRNSns.a */;
			productType = "com.apple.product-type.library.static";
		};
/* End PBXNativeTarget section */

/* Begin PBXProject section */
		45F85A361F55406C006E86C3 /* Project object */ = {
			isa = PBXProject;
			attributes = {
				LastUpgradeCheck = 0830;
				ORGANIZATIONNAME = dwwang;
				TargetAttributes = {
					45F85A3D1F55406C006E86C3 = {
						CreatedOnToolsVersion = 8.3.3;
						ProvisioningStyle = Automatic;
					};
				};
			};
			buildConfigurationList = 45F85A391F55406C006E86C3 /* Build configuration list for PBXProject "RNSns" */;
			compatibilityVersion = "Xcode 3.2";
			developmentRegion = English;
			hasScannedForEncodings = 0;
			knownRegions = (
				en,
			);
			mainGroup = 45F85A351F55406C006E86C3;
			productRefGroup = 45F85A3F1F55406C006E86C3 /* Products */;
			projectDirPath = "";
			projectRoot = "";
			targets = (
				45F85A3D1F55406C006E86C3 /* RNSns */,
			);
		};
/* End PBXProject section */

/* Begin PBXSourcesBuildPhase section */
		45F85A3A1F55406C006E86C3 /* Sources */ = {
			isa = PBXSourcesBuildPhase;
			buildActionMask = 2147483647;
			files = (
				45F85A431F55406C006E86C3 /* RNSns.m in Sources */,
			);
			runOnlyForDeploymentPostprocessing = 0;
		};
/* End PBXSourcesBuildPhase section */

/* Begin XCBuildConfiguration section */
		45F85A451F55406C006E86C3 /* Debug */ = {
			isa = XCBuildConfiguration;
			buildSettings = {
				ALWAYS_SEARCH_USER_PATHS = NO;
				CLANG_ANALYZER_NONNULL = YES;
				CLANG_ANALYZER_NUMBER_OBJECT_CONVERSION = YES_AGGRESSIVE;
				CLANG_CXX_LANGUAGE_STANDARD = "gnu++0x";
				CLANG_CXX_LIBRARY = "libc++";
				CLANG_ENABLE_MODULES = YES;
				CLANG_ENABLE_OBJC_ARC = YES;
				CLANG_WARN_BOOL_CONVERSION = YES;
				CLANG_WARN_CONSTANT_CONVERSION = YES;
				CLANG_WARN_DIRECT_OBJC_ISA_USAGE = YES_ERROR;
				CLANG_WARN_DOCUMENTATION_COMMENTS = YES;
				CLANG_WARN_EMPTY_BODY = YES;
				CLANG_WARN_ENUM_CONVERSION = YES;
				CLANG_WARN_INFINITE_RECURSION = YES;
				CLANG_WARN_INT_CONVERSION = YES;
				CLANG_WARN_OBJC_ROOT_CLASS = YES_ERROR;
				CLANG_WARN_SUSPICIOUS_MOVE = YES;
				CLANG_WARN_UNREACHABLE_CODE = YES;
				CLANG_WARN__DUPLICATE_METHOD_MATCH = YES;
				"CODE_SIGN_IDENTITY[sdk=iphoneos*]" = "iPhone Developer";
				COPY_PHASE_STRIP = NO;
				DEBUG_INFORMATION_FORMAT = dwarf;
				ENABLE_STRICT_OBJC_MSGSEND = YES;
				ENABLE_TESTABILITY = YES;
				GCC_C_LANGUAGE_STANDARD = gnu99;
				GCC_DYNAMIC_NO_PIC = NO;
				GCC_NO_COMMON_BLOCKS = YES;
				GCC_OPTIMIZATION_LEVEL = 0;
				GCC_PREPROCESSOR_DEFINITIONS = (
					"DEBUG=1",
					"$(inherited)",
				);
				GCC_WARN_64_TO_32_BIT_CONVERSION = YES;
				GCC_WARN_ABOUT_RETURN_TYPE = YES_ERROR;
				GCC_WARN_UNDECLARED_SELECTOR = YES;
				GCC_WARN_UNINITIALIZED_AUTOS = YES_AGGRESSIVE;
				GCC_WARN_UNUSED_FUNCTION = YES;
				GCC_WARN_UNUSED_VARIABLE = YES;
				IPHONEOS_DEPLOYMENT_TARGET = 10.3;
				MTL_ENABLE_DEBUG_INFO = YES;
				ONLY_ACTIVE_ARCH = YES;
				SDKROOT = iphoneos;
			};
			name = Debug;
		};
		45F85A461F55406C006E86C3 /* Release */ = {
			isa = XCBuildConfiguration;
			buildSettings = {
				ALWAYS_SEARCH_USER_PATHS = NO;
				CLANG_ANALYZER_NONNULL = YES;
				CLANG_ANALYZER_NUMBER_OBJECT_CONVERSION = YES_AGGRESSIVE;
				CLANG_CXX_LANGUAGE_STANDARD = "gnu++0x";
				CLANG_CXX_LIBRARY = "libc++";
				CLANG_ENABLE_MODULES = YES;
				CLANG_ENABLE_OBJC_ARC = YES;
				CLANG_WARN_BOOL_CONVERSION = YES;
				CLANG_WARN_CONSTANT_CONVERSION = YES;
				CLANG_WARN_DIRECT_OBJC_ISA_USAGE = YES_ERROR;
				CLANG_WARN_DOCUMENTATION_COMMENTS = YES;
				CLANG_WARN_EMPTY_BODY = YES;
				CLANG_WARN_ENUM_CONVERSION = YES;
				CLANG_WARN_INFINITE_RECURSION = YES;
				CLANG_WARN_INT_CONVERSION = YES;
				CLANG_WARN_OBJC_ROOT_CLASS = YES_ERROR;
				CLANG_WARN_SUSPICIOUS_MOVE = YES;
				CLANG_WARN_UNREACHABLE_CODE = YES;
				CLANG_WARN__DUPLICATE_METHOD_MATCH = YES;
				"CODE_SIGN_IDENTITY[sdk=iphoneos*]" = "iPhone Developer";
				COPY_PHASE_STRIP = NO;
				DEBUG_INFORMATION_FORMAT = "dwarf-with-dsym";
				ENABLE_NS_ASSERTIONS = NO;
				ENABLE_STRICT_OBJC_MSGSEND = YES;
				GCC_C_LANGUAGE_STANDARD = gnu99;
				GCC_NO_COMMON_BLOCKS = YES;
				GCC_WARN_64_TO_32_BIT_CONVERSION = YES;
				GCC_WARN_ABOUT_RETURN_TYPE = YES_ERROR;
				GCC_WARN_UNDECLARED_SELECTOR = YES;
				GCC_WARN_UNINITIALIZED_AUTOS = YES_AGGRESSIVE;
				GCC_WARN_UNUSED_FUNCTION = YES;
				GCC_WARN_UNUSED_VARIABLE = YES;
				IPHONEOS_DEPLOYMENT_TARGET = 10.3;
				MTL_ENABLE_DEBUG_INFO = NO;
				SDKROOT = iphoneos;
				VALIDATE_PRODUCT = YES;
			};
			name = Release;
		};
		45F85A481F55406C006E86C3 /* Debug */ = {
			isa = XCBuildConfiguration;
			buildSettings = {
				FRAMEWORK_SEARCH_PATHS = (
					"$(inherited)",
					"$(PROJECT_DIR)/../../../ios/Pods/UMengUShare/UShareSDK",
				);
				LIBRARY_SEARCH_PATHS = "$(inherited)";
				OTHER_LDFLAGS = "-ObjC";
				PRODUCT_NAME = "$(TARGET_NAME)";
				SKIP_INSTALL = YES;
			};
			name = Debug;
		};
		45F85A491F55406C006E86C3 /* Release */ = {
			isa = XCBuildConfiguration;
			buildSettings = {
				FRAMEWORK_SEARCH_PATHS = (
					"$(inherited)",
					"$(PROJECT_DIR)/../../../ios/Pods/UMengUShare/UShareSDK",
				);
				LIBRARY_SEARCH_PATHS = "$(inherited)";
				OTHER_LDFLAGS = "-ObjC";
				PRODUCT_NAME = "$(TARGET_NAME)";
				SKIP_INSTALL = YES;
			};
			name = Release;
		};
/* End XCBuildConfiguration section */

/* Begin XCConfigurationList section */
		45F85A391F55406C006E86C3 /* Build configuration list for PBXProject "RNSns" */ = {
			isa = XCConfigurationList;
			buildConfigurations = (
				45F85A451F55406C006E86C3 /* Debug */,
				45F85A461F55406C006E86C3 /* Release */,
			);
			defaultConfigurationIsVisible = 0;
			defaultConfigurationName = Release;
		};
		45F85A471F55406C006E86C3 /* Build configuration list for PBXNativeTarget "RNSns" */ = {
			isa = XCConfigurationList;
			buildConfigurations = (
				45F85A481F55406C006E86C3 /* Debug */,
				45F85A491F55406C006E86C3 /* Release */,
			);
			defaultConfigurationIsVisible = 0;
			defaultConfigurationName = Release;
		};
/* End XCConfigurationList section */
	};
	rootObject = 45F85A361F55406C006E86C3 /* Project object */;
}
